
Microsoft Visual Studio Solution File, Format Version 12.00
# Visual Studio Version 17
VisualStudioVersion = 17.4.33122.133
MinimumVisualStudioVersion = 10.0.40219.1
Project("{FAE04EC0-301F-11D3-BF4B-00C04F79EFBC}") = "Othello_Game_CSharp", "Othello_Game_CSharp\Othello_Game_CSharp.csproj", "{F8A98127-6A68-4442-9847-D7E7504E3CF3}"
EndProject
Project("{FAE04EC0-301F-11D3-BF4B-00C04F79EFBC}") = "Ex05.GameUI", "Ex05.GameUI\Ex05.GameUI.csproj", "{9245A114-24F1-48F2-BA85-D5FEB4EA0BF5}"
EndProject
Global
	GlobalSection(SolutionConfigurationPlatforms) = preSolution
		Debug|Any CPU = Debug|Any CPU
		Release|Any CPU = Release|Any CPU
	EndGlobalSection
	GlobalSection(ProjectConfigurationPlatforms) = postSolution
		{F8A98127-6A68-4442-9847-D7E7504E3CF3}.Debug|Any CPU.ActiveCfg = Debug|Any CPU
		{F8A98127-6A68-4442-9847-D7E7504E3CF3}.Debug|Any CPU.Build.0 = Debug|Any CPU
		{F8A98127-6A68-4442-9847-D7E7504E3CF3}.Release|Any CPU.ActiveCfg = Release|Any CPU
		{F8A98127-6A68-4442-9847-D7E7504E3CF3}.Release|Any CPU.Build.0 = Release|Any CPU
		{9245A114-24F1-48F2-BA85-D5FEB4EA0BF5}.Debug|Any CPU.ActiveCfg = Debug|Any CPU
		{9245A114-24F1-48F2-BA85-D5FEB4EA0BF5}.Debug|Any CPU.Build.0 = Debug|Any CPU
		{9245A114-24F1-48F2-BA85-D5FEB4EA0BF5}.Release|Any CPU.ActiveCfg = Release|Any CPU
		{9245A114-24F1-48F2-BA85-D5FEB4EA0BF5}.Release|Any CPU.Build.0 = Release|Any CPU
	EndGlobalSection
	GlobalSection(SolutionProperties) = preSolution
		HideSolutionNode = FALSE
	EndGlobalSection
	GlobalSection(ExtensibilityGlobals) = postSolution
		SolutionGuid = {4F92806D-4DE7-4822-9D1B-20262403A8C7}
	EndGlobalSection
EndGlobal
